// !$*UTF8*$!
{
	archiveVersion = 1;
	classes = {
	};
	objectVersion = 56;
	objects = {

/* Begin PBXBuildFile section */
		84FA9AAF2B724B66000CF3AB /* AppDelegate.swift in Sources */ = {isa = PBXBuildFile; fileRef = 84FA9AAE2B724B66000CF3AB /* AppDelegate.swift */; };
		84FA9AB12B724B66000CF3AB /* SceneDelegate.swift in Sources */ = {isa = PBXBuildFile; fileRef = 84FA9AB02B724B66000CF3AB /* SceneDelegate.swift */; };
		84FA9AB32B724B66000CF3AB /* ConsultViewController.swift in Sources */ = {isa = PBXBuildFile; fileRef = 84FA9AB22B724B66000CF3AB /* ConsultViewController.swift */; };
		84FA9AB82B724B68000CF3AB /* Assets.xcassets in Resources */ = {isa = PBXBuildFile; fileRef = 84FA9AB72B724B68000CF3AB /* Assets.xcassets */; };
		84FA9ABB2B724B68000CF3AB /* LaunchScreen.storyboard in Resources */ = {isa = PBXBuildFile; fileRef = 84FA9AB92B724B68000CF3AB /* LaunchScreen.storyboard */; };
		84FA9AC62B724B68000CF3AB /* consultViewTests.swift in Sources */ = {isa = PBXBuildFile; fileRef = 84FA9AC52B724B68000CF3AB /* consultViewTests.swift */; };
		84FA9AD02B724B68000CF3AB /* consultViewUITests.swift in Sources */ = {isa = PBXBuildFile; fileRef = 84FA9ACF2B724B68000CF3AB /* consultViewUITests.swift */; };
		84FA9AD22B724B68000CF3AB /* consultViewUITestsLaunchTests.swift in Sources */ = {isa = PBXBuildFile; fileRef = 84FA9AD12B724B68000CF3AB /* consultViewUITestsLaunchTests.swift */; };
		84FA9AE32B725ADC000CF3AB /* ConsultUIView.swift in Sources */ = {isa = PBXBuildFile; fileRef = 84FA9AE22B725ADC000CF3AB /* ConsultUIView.swift */; };
/* End PBXBuildFile section */

/* Begin PBXContainerItemProxy section */
		84FA9AC22B724B68000CF3AB /* PBXContainerItemProxy */ = {
			isa = PBXContainerItemProxy;
			containerPortal = 84FA9AA32B724B66000CF3AB /* Project object */;
			proxyType = 1;
			remoteGlobalIDString = 84FA9AAA2B724B66000CF3AB;
			remoteInfo = consultView;
		};
		84FA9ACC2B724B68000CF3AB /* PBXContainerItemProxy */ = {
			isa = PBXContainerItemProxy;
			containerPortal = 84FA9AA32B724B66000CF3AB /* Project object */;
			proxyType = 1;
			remoteGlobalIDString = 84FA9AAA2B724B66000CF3AB;
			remoteInfo = consultView;
		};
/* End PBXContainerItemProxy section */

/* Begin PBXFileReference section */
		84FA9AAB2B724B66000CF3AB /* consultView.app */ = {isa = PBXFileReference; explicitFileType = wrapper.application; includeInIndex = 0; path = consultView.app; sourceTree = BUILT_PRODUCTS_DIR; };
		84FA9AAE2B724B66000CF3AB /* AppDelegate.swift */ = {isa = PBXFileReference; lastKnownFileType = sourcecode.swift; path = AppDelegate.swift; sourceTree = "<group>"; };
		84FA9AB02B724B66000CF3AB /* SceneDelegate.swift */ = {isa = PBXFileReference; lastKnownFileType = sourcecode.swift; path = SceneDelegate.swift; sourceTree = "<group>"; };
		84FA9AB22B724B66000CF3AB /* ConsultViewController.swift */ = {isa = PBXFileReference; lastKnownFileType = sourcecode.swift; path = ConsultViewController.swift; sourceTree = "<group>"; };
		84FA9AB72B724B68000CF3AB /* Assets.xcassets */ = {isa = PBXFileReference; lastKnownFileType = folder.assetcatalog; path = Assets.xcassets; sourceTree = "<group>"; };
		84FA9ABA2B724B68000CF3AB /* Base */ = {isa = PBXFileReference; lastKnownFileType = file.storyboard; name = Base; path = Base.lproj/LaunchScreen.storyboard; sourceTree = "<group>"; };
		84FA9ABC2B724B68000CF3AB /* Info.plist */ = {isa = PBXFileReference; lastKnownFileType = text.plist.xml; path = Info.plist; sourceTree = "<group>"; };
		84FA9AC12B724B68000CF3AB /* consultViewTests.xctest */ = {isa = PBXFileReference; explicitFileType = wrapper.cfbundle; includeInIndex = 0; path = consultViewTests.xctest; sourceTree = BUILT_PRODUCTS_DIR; };
		84FA9AC52B724B68000CF3AB /* consultViewTests.swift */ = {isa = PBXFileReference; lastKnownFileType = sourcecode.swift; path = consultViewTests.swift; sourceTree = "<group>"; };
		84FA9ACB2B724B68000CF3AB /* consultViewUITests.xctest */ = {isa = PBXFileReference; explicitFileType = wrapper.cfbundle; includeInIndex = 0; path = consultViewUITests.xctest; sourceTree = BUILT_PRODUCTS_DIR; };
		84FA9ACF2B724B68000CF3AB /* consultViewUITests.swift */ = {isa = PBXFileReference; lastKnownFileType = sourcecode.swift; path = consultViewUITests.swift; sourceTree = "<group>"; };
		84FA9AD12B724B68000CF3AB /* consultViewUITestsLaunchTests.swift */ = {isa = PBXFileReference; lastKnownFileType = sourcecode.swift; path = consultViewUITestsLaunchTests.swift; sourceTree = "<group>"; };
		84FA9AE22B725ADC000CF3AB /* ConsultUIView.swift */ = {isa = PBXFileReference; lastKnownFileType = sourcecode.swift; path = ConsultUIView.swift; sourceTree = "<group>"; };
/* End PBXFileReference section */

/* Begin PBXFrameworksBuildPhase section */
		84FA9AA82B724B66000CF3AB /* Frameworks */ = {
			isa = PBXFrameworksBuildPhase;
			buildActionMask = 2147483647;
			files = (
			);
			runOnlyForDeploymentPostprocessing = 0;
		};
		84FA9ABE2B724B68000CF3AB /* Frameworks */ = {
			isa = PBXFrameworksBuildPhase;
			buildActionMask = 2147483647;
			files = (
			);
			runOnlyForDeploymentPostprocessing = 0;
		};
		84FA9AC82B724B68000CF3AB /* Frameworks */ = {
			isa = PBXFrameworksBuildPhase;
			buildActionMask = 2147483647;
			files = (
			);
			runOnlyForDeploymentPostprocessing = 0;
		};
/* End PBXFrameworksBuildPhase section */

/* Begin PBXGroup section */
		84FA9AA22B724B66000CF3AB = {
			isa = PBXGroup;
			children = (
				84FA9AAD2B724B66000CF3AB /* consultView */,
				84FA9AC42B724B68000CF3AB /* consultViewTests */,
				84FA9ACE2B724B68000CF3AB /* consultViewUITests */,
				84FA9AAC2B724B66000CF3AB /* Products */,
			);
			sourceTree = "<group>";
		};
		84FA9AAC2B724B66000CF3AB /* Products */ = {
			isa = PBXGroup;
			children = (
				84FA9AAB2B724B66000CF3AB /* consultView.app */,
				84FA9AC12B724B68000CF3AB /* consultViewTests.xctest */,
				84FA9ACB2B724B68000CF3AB /* consultViewUITests.xctest */,
			);
			name = Products;
			sourceTree = "<group>";
		};
		84FA9AAD2B724B66000CF3AB /* consultView */ = {
			isa = PBXGroup;
			children = (
				84FA9AAE2B724B66000CF3AB /* AppDelegate.swift */,
				84FA9AB02B724B66000CF3AB /* SceneDelegate.swift */,
				84FA9AB22B724B66000CF3AB /* ConsultViewController.swift */,
				84FA9AE22B725ADC000CF3AB /* ConsultUIView.swift */,
				84FA9AB72B724B68000CF3AB /* Assets.xcassets */,
				84FA9AB92B724B68000CF3AB /* LaunchScreen.storyboard */,
				84FA9ABC2B724B68000CF3AB /* Info.plist */,
			);
			path = consultView;
			sourceTree = "<group>";
		};
		84FA9AC42B724B68000CF3AB /* consultViewTests */ = {
			isa = PBXGroup;
			children = (
				84FA9AC52B724B68000CF3AB /* consultViewTests.swift */,
			);
			path = consultViewTests;
			sourceTree = "<group>";
		};
		84FA9ACE2B724B68000CF3AB /* consultViewUITests */ = {
			isa = PBXGroup;
			children = (
				84FA9ACF2B724B68000CF3AB /* consultViewUITests.swift */,
				84FA9AD12B724B68000CF3AB /* consultViewUITestsLaunchTests.swift */,
			);
			path = consultViewUITests;
			sourceTree = "<group>";
		};
/* End PBXGroup section */

/* Begin PBXNativeTarget section */
		84FA9AAA2B724B66000CF3AB /* consultView */ = {
			isa = PBXNativeTarget;
			buildConfigurationList = 84FA9AD52B724B68000CF3AB /* Build configuration list for PBXNativeTarget "consultView" */;
			buildPhases = (
				84FA9AA72B724B66000CF3AB /* Sources */,
				84FA9AA82B724B66000CF3AB /* Frameworks */,
				84FA9AA92B724B66000CF3AB /* Resources */,
			);
			buildRules = (
			);
			dependencies = (
			);
			name = consultView;
			productName = consultView;
			productReference = 84FA9AAB2B724B66000CF3AB /* consultView.app */;
			productType = "com.apple.product-type.application";
		};
		84FA9AC02B724B68000CF3AB /* consultViewTests */ = {
			isa = PBXNativeTarget;
			buildConfigurationList = 84FA9AD82B724B68000CF3AB /* Build configuration list for PBXNativeTarget "consultViewTests" */;
			buildPhases = (
				84FA9ABD2B724B68000CF3AB /* Sources */,
				84FA9ABE2B724B68000CF3AB /* Frameworks */,
				84FA9ABF2B724B68000CF3AB /* Resources */,
			);
			buildRules = (
			);
			dependencies = (
				84FA9AC32B724B68000CF3AB /* PBXTargetDependency */,
			);
			name = consultViewTests;
			productName = consultViewTests;
			productReference = 84FA9AC12B724B68000CF3AB /* consultViewTests.xctest */;
			productType = "com.apple.product-type.bundle.unit-test";
		};
		84FA9ACA2B724B68000CF3AB /* consultViewUITests */ = {
			isa = PBXNativeTarget;
			buildConfigurationList = 84FA9ADB2B724B68000CF3AB /* Build configuration list for PBXNativeTarget "consultViewUITests" */;
			buildPhases = (
				84FA9AC72B724B68000CF3AB /* Sources */,
				84FA9AC82B724B68000CF3AB /* Frameworks */,
				84FA9AC92B724B68000CF3AB /* Resources */,
			);
			buildRules = (
			);
			dependencies = (
				84FA9ACD2B724B68000CF3AB /* PBXTargetDependency */,
			);
			name = consultViewUITests;
			productName = consultViewUITests;
			productReference = 84FA9ACB2B724B68000CF3AB /* consultViewUITests.xctest */;
			productType = "com.apple.product-type.bundle.ui-testing";
		};
/* End PBXNativeTarget section */

/* Begin PBXProject section */
		84FA9AA32B724B66000CF3AB /* Project object */ = {
			isa = PBXProject;
			attributes = {
				BuildIndependentTargetsInParallel = 1;
				LastSwiftUpdateCheck = 1520;
				LastUpgradeCheck = 1520;
				TargetAttributes = {
					84FA9AAA2B724B66000CF3AB = {
						CreatedOnToolsVersion = 15.2;
					};
					84FA9AC02B724B68000CF3AB = {
						CreatedOnToolsVersion = 15.2;
						TestTargetID = 84FA9AAA2B724B66000CF3AB;
					};
					84FA9ACA2B724B68000CF3AB = {
						CreatedOnToolsVersion = 15.2;
						TestTargetID = 84FA9AAA2B724B66000CF3AB;
					};
				};
			};
			buildConfigurationList = 84FA9AA62B724B66000CF3AB /* Build configuration list for PBXProject "consultView" */;
			compatibilityVersion = "Xcode 14.0";
			developmentRegion = en;
			hasScannedForEncodings = 0;
			knownRegions = (
				en,
				Base,
			);
			mainGroup = 84FA9AA22B724B66000CF3AB;
			productRefGroup = 84FA9AAC2B724B66000CF3AB /* Products */;
			projectDirPath = "";
			projectRoot = "";
			targets = (
				84FA9AAA2B724B66000CF3AB /* consultView */,
				84FA9AC02B724B68000CF3AB /* consultViewTests */,
				84FA9ACA2B724B68000CF3AB /* consultViewUITests */,
			);
		};
/* End PBXProject section */

/* Begin PBXResourcesBuildPhase section */
		84FA9AA92B724B66000CF3AB /* Resources */ = {
			isa = PBXResourcesBuildPhase;
			buildActionMask = 2147483647;
			files = (
				84FA9ABB2B724B68000CF3AB /* LaunchScreen.storyboard in Resources */,
				84FA9AB82B724B68000CF3AB /* Assets.xcassets in Resources */,
			);
			runOnlyForDeploymentPostprocessing = 0;
		};
		84FA9ABF2B724B68000CF3AB /* Resources */ = {
			isa = PBXResourcesBuildPhase;
			buildActionMask = 2147483647;
			files = (
			);
			runOnlyForDeploymentPostprocessing = 0;
		};
		84FA9AC92B724B68000CF3AB /* Resources */ = {
			isa = PBXResourcesBuildPhase;
			buildActionMask = 2147483647;
			files = (
			);
			runOnlyForDeploymentPostprocessing = 0;
		};
/* End PBXResourcesBuildPhase section */

/* Begin PBXSourcesBuildPhase section */
		84FA9AA72B724B66000CF3AB /* Sources */ = {
			isa = PBXSourcesBuildPhase;
			buildActionMask = 2147483647;
			files = (
				84FA9AB32B724B66000CF3AB /* ConsultViewController.swift in Sources */,
				84FA9AAF2B724B66000CF3AB /* AppDelegate.swift in Sources */,
				84FA9AE32B725ADC000CF3AB /* ConsultUIView.swift in Sources */,
				84FA9AB12B724B66000CF3AB /* SceneDelegate.swift in Sources */,
			);
			runOnlyForDeploymentPostprocessing = 0;
		};
		84FA9ABD2B724B68000CF3AB /* Sources */ = {
			isa = PBXSourcesBuildPhase;
			buildActionMask = 2147483647;
			files = (
				84FA9AC62B724B68000CF3AB /* consultViewTests.swift in Sources */,
			);
			runOnlyForDeploymentPostprocessing = 0;
		};
		84FA9AC72B724B68000CF3AB /* Sources */ = {
			isa = PBXSourcesBuildPhase;
			buildActionMask = 2147483647;
			files = (
				84FA9AD22B724B68000CF3AB /* consultViewUITestsLaunchTests.swift in Sources */,
				84FA9AD02B724B68000CF3AB /* consultViewUITests.swift in Sources */,
			);
			runOnlyForDeploymentPostprocessing = 0;
		};
/* End PBXSourcesBuildPhase section */

/* Begin PBXTargetDependency section */
		84FA9AC32B724B68000CF3AB /* PBXTargetDependency */ = {
			isa = PBXTargetDependency;
			target = 84FA9AAA2B724B66000CF3AB /* consultView */;
			targetProxy = 84FA9AC22B724B68000CF3AB /* PBXContainerItemProxy */;
		};
		84FA9ACD2B724B68000CF3AB /* PBXTargetDependency */ = {
			isa = PBXTargetDependency;
			target = 84FA9AAA2B724B66000CF3AB /* consultView */;
			targetProxy = 84FA9ACC2B724B68000CF3AB /* PBXContainerItemProxy */;
		};
/* End PBXTargetDependency section */

/* Begin PBXVariantGroup section */
		84FA9AB92B724B68000CF3AB /* LaunchScreen.storyboard */ = {
			isa = PBXVariantGroup;
			children = (
				84FA9ABA2B724B68000CF3AB /* Base */,
			);
			name = LaunchScreen.storyboard;
			sourceTree = "<group>";
		};
/* End PBXVariantGroup section */

/* Begin XCBuildConfiguration section */
		84FA9AD32B724B68000CF3AB /* Debug */ = {
			isa = XCBuildConfiguration;
			buildSettings = {
				ALWAYS_SEARCH_USER_PATHS = NO;
				ASSETCATALOG_COMPILER_GENERATE_SWIFT_ASSET_SYMBOL_EXTENSIONS = YES;
				CLANG_ANALYZER_NONNULL = YES;
				CLANG_ANALYZER_NUMBER_OBJECT_CONVERSION = YES_AGGRESSIVE;
				CLANG_CXX_LANGUAGE_STANDARD = "gnu++20";
				CLANG_ENABLE_MODULES = YES;
				CLANG_ENABLE_OBJC_ARC = YES;
				CLANG_ENABLE_OBJC_WEAK = YES;
				CLANG_WARN_BLOCK_CAPTURE_AUTORELEASING = YES;
				CLANG_WARN_BOOL_CONVERSION = YES;
				CLANG_WARN_COMMA = YES;
				CLANG_WARN_CONSTANT_CONVERSION = YES;
				CLANG_WARN_DEPRECATED_OBJC_IMPLEMENTATIONS = YES;
				CLANG_WARN_DIRECT_OBJC_ISA_USAGE = YES_ERROR;
				CLANG_WARN_DOCUMENTATION_COMMENTS = YES;
				CLANG_WARN_EMPTY_BODY = YES;
				CLANG_WARN_ENUM_CONVERSION = YES;
				CLANG_WARN_INFINITE_RECURSION = YES;
				CLANG_WARN_INT_CONVERSION = YES;
				CLANG_WARN_NON_LITERAL_NULL_CONVERSION = YES;
				CLANG_WARN_OBJC_IMPLICIT_RETAIN_SELF = YES;
				CLANG_WARN_OBJC_LITERAL_CONVERSION = YES;
				CLANG_WARN_OBJC_ROOT_CLASS = YES_ERROR;
				CLANG_WARN_QUOTED_INCLUDE_IN_FRAMEWORK_HEADER = YES;
				CLANG_WARN_RANGE_LOOP_ANALYSIS = YES;
				CLANG_WARN_STRICT_PROTOTYPES = YES;
				CLANG_WARN_SUSPICIOUS_MOVE = YES;
				CLANG_WARN_UNGUARDED_AVAILABILITY = YES_AGGRESSIVE;
				CLANG_WARN_UNREACHABLE_CODE = YES;
				CLANG_WARN__DUPLICATE_METHOD_MATCH = YES;
				COPY_PHASE_STRIP = NO;
				DEBUG_INFORMATION_FORMAT = dwarf;
				ENABLE_STRICT_OBJC_MSGSEND = YES;
				ENABLE_TESTABILITY = YES;
				ENABLE_USER_SCRIPT_SANDBOXING = YES;
				GCC_C_LANGUAGE_STANDARD = gnu17;
				GCC_DYNAMIC_NO_PIC = NO;
				GCC_NO_COMMON_BLOCKS = YES;
				GCC_OPTIMIZATION_LEVEL = 0;
				GCC_PREPROCESSOR_DEFINITIONS = (
					"DEBUG=1",
					"$(inherited)",
				);
				GCC_WARN_64_TO_32_BIT_CONVERSION = YES;
				GCC_WARN_ABOUT_RETURN_TYPE = YES_ERROR;
				GCC_WARN_UNDECLARED_SELECTOR = YES;
				GCC_WARN_UNINITIALIZED_AUTOS = YES_AGGRESSIVE;
				GCC_WARN_UNUSED_FUNCTION = YES;
				GCC_WARN_UNUSED_VARIABLE = YES;
				IPHONEOS_DEPLOYMENT_TARGET = 17.2;
				LOCALIZATION_PREFERS_STRING_CATALOGS = YES;
				MTL_ENABLE_DEBUG_INFO = INCLUDE_SOURCE;
				MTL_FAST_MATH = YES;
				ONLY_ACTIVE_ARCH = YES;
				SDKROOT = iphoneos;
				SWIFT_ACTIVE_COMPILATION_CONDITIONS = "DEBUG $(inherited)";
				SWIFT_OPTIMIZATION_LEVEL = "-Onone";
			};
			name = Debug;
		};
		84FA9AD42B724B68000CF3AB /* Release */ = {
			isa = XCBuildConfiguration;
			buildSettings = {
				ALWAYS_SEARCH_USER_PATHS = NO;
				ASSETCATALOG_COMPILER_GENERATE_SWIFT_ASSET_SYMBOL_EXTENSIONS = YES;
				CLANG_ANALYZER_NONNULL = YES;
				CLANG_ANALYZER_NUMBER_OBJECT_CONVERSION = YES_AGGRESSIVE;
				CLANG_CXX_LANGUAGE_STANDARD = "gnu++20";
				CLANG_ENABLE_MODULES = YES;
				CLANG_ENABLE_OBJC_ARC = YES;
				CLANG_ENABLE_OBJC_WEAK = YES;
				CLANG_WARN_BLOCK_CAPTURE_AUTORELEASING = YES;
				CLANG_WARN_BOOL_CONVERSION = YES;
				CLANG_WARN_COMMA = YES;
				CLANG_WARN_CONSTANT_CONVERSION = YES;
				CLANG_WARN_DEPRECATED_OBJC_IMPLEMENTATIONS = YES;
				CLANG_WARN_DIRECT_OBJC_ISA_USAGE = YES_ERROR;
				CLANG_WARN_DOCUMENTATION_COMMENTS = YES;
				CLANG_WARN_EMPTY_BODY = YES;
				CLANG_WARN_ENUM_CONVERSION = YES;
				CLANG_WARN_INFINITE_RECURSION = YES;
				CLANG_WARN_INT_CONVERSION = YES;
				CLANG_WARN_NON_LITERAL_NULL_CONVERSION = YES;
				CLANG_WARN_OBJC_IMPLICIT_RETAIN_SELF = YES;
				CLANG_WARN_OBJC_LITERAL_CONVERSION = YES;
				CLANG_WARN_OBJC_ROOT_CLASS = YES_ERROR;
				CLANG_WARN_QUOTED_INCLUDE_IN_FRAMEWORK_HEADER = YES;
				CLANG_WARN_RANGE_LOOP_ANALYSIS = YES;
				CLANG_WARN_STRICT_PROTOTYPES = YES;
				CLANG_WARN_SUSPICIOUS_MOVE = YES;
				CLANG_WARN_UNGUARDED_AVAILABILITY = YES_AGGRESSIVE;
				CLANG_WARN_UNREACHABLE_CODE = YES;
				CLANG_WARN__DUPLICATE_METHOD_MATCH = YES;
				COPY_PHASE_STRIP = NO;
				DEBUG_INFORMATION_FORMAT = "dwarf-with-dsym";
				ENABLE_NS_ASSERTIONS = NO;
				ENABLE_STRICT_OBJC_MSGSEND = YES;
				ENABLE_USER_SCRIPT_SANDBOXING = YES;
				GCC_C_LANGUAGE_STANDARD = gnu17;
				GCC_NO_COMMON_BLOCKS = YES;
				GCC_WARN_64_TO_32_BIT_CONVERSION = YES;
				GCC_WARN_ABOUT_RETURN_TYPE = YES_ERROR;
				GCC_WARN_UNDECLARED_SELECTOR = YES;
				GCC_WARN_UNINITIALIZED_AUTOS = YES_AGGRESSIVE;
				GCC_WARN_UNUSED_FUNCTION = YES;
				GCC_WARN_UNUSED_VARIABLE = YES;
				IPHONEOS_DEPLOYMENT_TARGET = 17.2;
				LOCALIZATION_PREFERS_STRING_CATALOGS = YES;
				MTL_ENABLE_DEBUG_INFO = NO;
				MTL_FAST_MATH = YES;
				SDKROOT = iphoneos;
				SWIFT_COMPILATION_MODE = wholemodule;
				VALIDATE_PRODUCT = YES;
			};
			name = Release;
		};
		84FA9AD62B724B68000CF3AB /* Debug */ = {
			isa = XCBuildConfiguration;
			buildSettings = {
				ASSETCATALOG_COMPILER_APPICON_NAME = AppIcon;
				ASSETCATALOG_COMPILER_GLOBAL_ACCENT_COLOR_NAME = AccentColor;
				CODE_SIGN_STYLE = Automatic;
				CURRENT_PROJECT_VERSION = 1;
				GENERATE_INFOPLIST_FILE = YES;
				INFOPLIST_FILE = consultView/Info.plist;
				INFOPLIST_KEY_UIApplicationSupportsIndirectInputEvents = YES;
				INFOPLIST_KEY_UILaunchStoryboardName = LaunchScreen;
				INFOPLIST_KEY_UISupportedInterfaceOrientations_iPad = "UIInterfaceOrientationPortrait UIInterfaceOrientationPortraitUpsideDown UIInterfaceOrientationLandscapeLeft UIInterfaceOrientationLandscapeRight";
				INFOPLIST_KEY_UISupportedInterfaceOrientations_iPhone = "UIInterfaceOrientationPortrait UIInterfaceOrientationLandscapeLeft UIInterfaceOrientationLandscapeRight";
				LD_RUNPATH_SEARCH_PATHS = (
					"$(inherited)",
					"@executable_path/Frameworks",
				);
				MARKETING_VERSION = 1.0;
				PRODUCT_BUNDLE_IDENTIFIER = com.consult.consultView;
				PRODUCT_NAME = "$(TARGET_NAME)";
				SWIFT_EMIT_LOC_STRINGS = YES;
				SWIFT_VERSION = 5.0;
				TARGETED_DEVICE_FAMILY = "1,2";
			};
			name = Debug;
		};
		84FA9AD72B724B68000CF3AB /* Release */ = {
			isa = XCBuildConfiguration;
			buildSettings = {
				ASSETCATALOG_COMPILER_APPICON_NAME = AppIcon;
				ASSETCATALOG_COMPILER_GLOBAL_ACCENT_COLOR_NAME = AccentColor;
				CODE_SIGN_STYLE = Automatic;
				CURRENT_PROJECT_VERSION = 1;
				GENERATE_INFOPLIST_FILE = YES;
				INFOPLIST_FILE = consultView/Info.plist;
				INFOPLIST_KEY_UIApplicationSupportsIndirectInputEvents = YES;
				INFOPLIST_KEY_UILaunchStoryboardName = LaunchScreen;
				INFOPLIST_KEY_UISupportedInterfaceOrientations_iPad = "UIInterfaceOrientationPortrait UIInterfaceOrientationPortraitUpsideDown UIInterfaceOrientationLandscapeLeft UIInterfaceOrientationLandscapeRight";
				INFOPLIST_KEY_UISupportedInterfaceOrientations_iPhone = "UIInterfaceOrientationPortrait UIInterfaceOrientationLandscapeLeft UIInterfaceOrientationLandscapeRight";
				LD_RUNPATH_SEARCH_PATHS = (
					"$(inherited)",
					"@executable_path/Frameworks",
				);
				MARKETING_VERSION = 1.0;
				PRODUCT_BUNDLE_IDENTIFIER = com.consult.consultView;
				PRODUCT_NAME = "$(TARGET_NAME)";
				SWIFT_EMIT_LOC_STRINGS = YES;
				SWIFT_VERSION = 5.0;
				TARGETED_DEVICE_FAMILY = "1,2";
			};
			name = Release;
		};
		84FA9AD92B724B68000CF3AB /* Debug */ = {
			isa = XCBuildConfiguration;
			buildSettings = {
				ALWAYS_EMBED_SWIFT_STANDARD_LIBRARIES = YES;
				BUNDLE_LOADER = "$(TEST_HOST)";
				CODE_SIGN_STYLE = Automatic;
				CURRENT_PROJECT_VERSION = 1;
				GENERATE_INFOPLIST_FILE = YES;
				IPHONEOS_DEPLOYMENT_TARGET = 17.2;
				MARKETING_VERSION = 1.0;
				PRODUCT_BUNDLE_IDENTIFIER = com.consult.consultViewTests;
				PRODUCT_NAME = "$(TARGET_NAME)";
				SWIFT_EMIT_LOC_STRINGS = NO;
				SWIFT_VERSION = 5.0;
				TARGETED_DEVICE_FAMILY = "1,2";
				TEST_HOST = "$(BUILT_PRODUCTS_DIR)/consultView.app/$(BUNDLE_EXECUTABLE_FOLDER_PATH)/consultView";
			};
			name = Debug;
		};
		84FA9ADA2B724B68000CF3AB /* Release */ = {
			isa = XCBuildConfiguration;
			buildSettings = {
				ALWAYS_EMBED_SWIFT_STANDARD_LIBRARIES = YES;
				BUNDLE_LOADER = "$(TEST_HOST)";
				CODE_SIGN_STYLE = Automatic;
				CURRENT_PROJECT_VERSION = 1;
				GENERATE_INFOPLIST_FILE = YES;
				IPHONEOS_DEPLOYMENT_TARGET = 17.2;
				MARKETING_VERSION = 1.0;
				PRODUCT_BUNDLE_IDENTIFIER = com.consult.consultViewTests;
				PRODUCT_NAME = "$(TARGET_NAME)";
				SWIFT_EMIT_LOC_STRINGS = NO;
				SWIFT_VERSION = 5.0;
				TARGETED_DEVICE_FAMILY = "1,2";
				TEST_HOST = "$(BUILT_PRODUCTS_DIR)/consultView.app/$(BUNDLE_EXECUTABLE_FOLDER_PATH)/consultView";
			};
			name = Release;
		};
		84FA9ADC2B724B68000CF3AB /* Debug */ = {
			isa = XCBuildConfiguration;
			buildSettings = {
				ALWAYS_EMBED_SWIFT_STANDARD_LIBRARIES = YES;
				CODE_SIGN_STYLE = Automatic;
				CURRENT_PROJECT_VERSION = 1;
				GENERATE_INFOPLIST_FILE = YES;
				MARKETING_VERSION = 1.0;
				PRODUCT_BUNDLE_IDENTIFIER = com.consult.consultViewUITests;
				PRODUCT_NAME = "$(TARGET_NAME)";
				SWIFT_EMIT_LOC_STRINGS = NO;
				SWIFT_VERSION = 5.0;
				TARGETED_DEVICE_FAMILY = "1,2";
				TEST_TARGET_NAME = consultView;
			};
			name = Debug;
		};
		84FA9ADD2B724B68000CF3AB /* Release */ = {
			isa = XCBuildConfiguration;
			buildSettings = {
				ALWAYS_EMBED_SWIFT_STANDARD_LIBRARIES = YES;
				CODE_SIGN_STYLE = Automatic;
				CURRENT_PROJECT_VERSION = 1;
				GENERATE_INFOPLIST_FILE = YES;
				MARKETING_VERSION = 1.0;
				PRODUCT_BUNDLE_IDENTIFIER = com.consult.consultViewUITests;
				PRODUCT_NAME = "$(TARGET_NAME)";
				SWIFT_EMIT_LOC_STRINGS = NO;
				SWIFT_VERSION = 5.0;
				TARGETED_DEVICE_FAMILY = "1,2";
				TEST_TARGET_NAME = consultView;
			};
			name = Release;
		};
/* End XCBuildConfiguration section */

/* Begin XCConfigurationList section */
		84FA9AA62B724B66000CF3AB /* Build configuration list for PBXProject "consultView" */ = {
			isa = XCConfigurationList;
			buildConfigurations = (
				84FA9AD32B724B68000CF3AB /* Debug */,
				84FA9AD42B724B68000CF3AB /* Release */,
			);
			defaultConfigurationIsVisible = 0;
			defaultConfigurationName = Release;
		};
		84FA9AD52B724B68000CF3AB /* Build configuration list for PBXNativeTarget "consultView" */ = {
			isa = XCConfigurationList;
			buildConfigurations = (
				84FA9AD62B724B68000CF3AB /* Debug */,
				84FA9AD72B724B68000CF3AB /* Release */,
			);
			defaultConfigurationIsVisible = 0;
			defaultConfigurationName = Release;
		};
		84FA9AD82B724B68000CF3AB /* Build configuration list for PBXNativeTarget "consultViewTests" */ = {
			isa = XCConfigurationList;
			buildConfigurations = (
				84FA9AD92B724B68000CF3AB /* Debug */,
				84FA9ADA2B724B68000CF3AB /* Release */,
			);
			defaultConfigurationIsVisible = 0;
			defaultConfigurationName = Release;
		};
		84FA9ADB2B724B68000CF3AB /* Build configuration list for PBXNativeTarget "consultViewUITests" */ = {
			isa = XCConfigurationList;
			buildConfigurations = (
				84FA9ADC2B724B68000CF3AB /* Debug */,
				84FA9ADD2B724B68000CF3AB /* Release */,
			);
			defaultConfigurationIsVisible = 0;
			defaultConfigurationName = Release;
		};
/* End XCConfigurationList section */
	};
	rootObject = 84FA9AA32B724B66000CF3AB /* Project object */;
}
